// !$*UTF8*$!
{
	archiveVersion = 1;
	classes = {
	};
	objectVersion = 55;
	objects = {

/* Begin PBXBuildFile section */
		F6A8ECD428AA12680058F6CC /* AppDelegate.swift in Sources */ = {isa = PBXBuildFile; fileRef = F6A8ECD328AA12680058F6CC /* AppDelegate.swift */; };
		F6A8ECD628AA12680058F6CC /* SceneDelegate.swift in Sources */ = {isa = PBXBuildFile; fileRef = F6A8ECD528AA12680058F6CC /* SceneDelegate.swift */; };
		F6A8ECD828AA12680058F6CC /* ViewController.swift in Sources */ = {isa = PBXBuildFile; fileRef = F6A8ECD728AA12680058F6CC /* ViewController.swift */; };
		F6A8ECDD28AA126C0058F6CC /* Assets.xcassets in Resources */ = {isa = PBXBuildFile; fileRef = F6A8ECDC28AA126C0058F6CC /* Assets.xcassets */; };
		F6A8ECE028AA126C0058F6CC /* LaunchScreen.storyboard in Resources */ = {isa = PBXBuildFile; fileRef = F6A8ECDE28AA126C0058F6CC /* LaunchScreen.storyboard */; };
		F6A8ECEA28AA6E4D0058F6CC /* Coordinator.swift in Sources */ = {isa = PBXBuildFile; fileRef = F6A8ECE928AA6E4D0058F6CC /* Coordinator.swift */; };
		F6A8ECEC28AA6EBA0058F6CC /* ContentView.swift in Sources */ = {isa = PBXBuildFile; fileRef = F6A8ECEB28AA6EBA0058F6CC /* ContentView.swift */; };
		F6A8ECEE28AA6F140058F6CC /* ApplicationCoordinator.swift in Sources */ = {isa = PBXBuildFile; fileRef = F6A8ECED28AA6F140058F6CC /* ApplicationCoordinator.swift */; };
		F6B6E4FE28AA74D300EE8F68 /* ScaledImageView.swift in Sources */ = {isa = PBXBuildFile; fileRef = F6B6E4FD28AA74D300EE8F68 /* ScaledImageView.swift */; };
		F6B6E50128AA754D00EE8F68 /* OnboardingView.swift in Sources */ = {isa = PBXBuildFile; fileRef = F6B6E50028AA754D00EE8F68 /* OnboardingView.swift */; };
		F6B6E50328AA783700EE8F68 /* OnboardingCoordinator.swift in Sources */ = {isa = PBXBuildFile; fileRef = F6B6E50228AA783700EE8F68 /* OnboardingCoordinator.swift */; };
		F6B6E50628AA7BF000EE8F68 /* MainCoordinator.swift in Sources */ = {isa = PBXBuildFile; fileRef = F6B6E50528AA7BF000EE8F68 /* MainCoordinator.swift */; };
		F6B6E50A28AA7CF900EE8F68 /* FirstTabCoordinator.swift in Sources */ = {isa = PBXBuildFile; fileRef = F6B6E50928AA7CF900EE8F68 /* FirstTabCoordinator.swift */; };
		F6B6E50C28AA7DBF00EE8F68 /* FirstViewController.swift in Sources */ = {isa = PBXBuildFile; fileRef = F6B6E50B28AA7DBF00EE8F68 /* FirstViewController.swift */; };
		F6B6E50E28AA7DEF00EE8F68 /* FirstDetailView.swift in Sources */ = {isa = PBXBuildFile; fileRef = F6B6E50D28AA7DEF00EE8F68 /* FirstDetailView.swift */; };
/* End PBXBuildFile section */

/* Begin PBXFileReference section */
		F6A8ECD028AA12680058F6CC /* CoodinatorPattern.app */ = {isa = PBXFileReference; explicitFileType = wrapper.application; includeInIndex = 0; path = CoodinatorPattern.app; sourceTree = BUILT_PRODUCTS_DIR; };
		F6A8ECD328AA12680058F6CC /* AppDelegate.swift */ = {isa = PBXFileReference; lastKnownFileType = sourcecode.swift; path = AppDelegate.swift; sourceTree = "<group>"; };
		F6A8ECD528AA12680058F6CC /* SceneDelegate.swift */ = {isa = PBXFileReference; lastKnownFileType = sourcecode.swift; path = SceneDelegate.swift; sourceTree = "<group>"; };
		F6A8ECD728AA12680058F6CC /* ViewController.swift */ = {isa = PBXFileReference; lastKnownFileType = sourcecode.swift; path = ViewController.swift; sourceTree = "<group>"; };
		F6A8ECDC28AA126C0058F6CC /* Assets.xcassets */ = {isa = PBXFileReference; lastKnownFileType = folder.assetcatalog; path = Assets.xcassets; sourceTree = "<group>"; };
		F6A8ECDF28AA126C0058F6CC /* Base */ = {isa = PBXFileReference; lastKnownFileType = file.storyboard; name = Base; path = Base.lproj/LaunchScreen.storyboard; sourceTree = "<group>"; };
		F6A8ECE128AA126C0058F6CC /* Info.plist */ = {isa = PBXFileReference; lastKnownFileType = text.plist.xml; path = Info.plist; sourceTree = "<group>"; };
		F6A8ECE928AA6E4D0058F6CC /* Coordinator.swift */ = {isa = PBXFileReference; lastKnownFileType = sourcecode.swift; path = Coordinator.swift; sourceTree = "<group>"; };
		F6A8ECEB28AA6EBA0058F6CC /* ContentView.swift */ = {isa = PBXFileReference; lastKnownFileType = sourcecode.swift; path = ContentView.swift; sourceTree = "<group>"; };
		F6A8ECED28AA6F140058F6CC /* ApplicationCoordinator.swift */ = {isa = PBXFileReference; lastKnownFileType = sourcecode.swift; path = ApplicationCoordinator.swift; sourceTree = "<group>"; };
		F6B6E4FD28AA74D300EE8F68 /* ScaledImageView.swift */ = {isa = PBXFileReference; lastKnownFileType = sourcecode.swift; path = ScaledImageView.swift; sourceTree = "<group>"; };
		F6B6E50028AA754D00EE8F68 /* OnboardingView.swift */ = {isa = PBXFileReference; lastKnownFileType = sourcecode.swift; path = OnboardingView.swift; sourceTree = "<group>"; };
		F6B6E50228AA783700EE8F68 /* OnboardingCoordinator.swift */ = {isa = PBXFileReference; lastKnownFileType = sourcecode.swift; path = OnboardingCoordinator.swift; sourceTree = "<group>"; };
		F6B6E50528AA7BF000EE8F68 /* MainCoordinator.swift */ = {isa = PBXFileReference; lastKnownFileType = sourcecode.swift; path = MainCoordinator.swift; sourceTree = "<group>"; };
		F6B6E50928AA7CF900EE8F68 /* FirstTabCoordinator.swift */ = {isa = PBXFileReference; lastKnownFileType = sourcecode.swift; path = FirstTabCoordinator.swift; sourceTree = "<group>"; };
		F6B6E50B28AA7DBF00EE8F68 /* FirstViewController.swift */ = {isa = PBXFileReference; lastKnownFileType = sourcecode.swift; path = FirstViewController.swift; sourceTree = "<group>"; };
		F6B6E50D28AA7DEF00EE8F68 /* FirstDetailView.swift */ = {isa = PBXFileReference; lastKnownFileType = sourcecode.swift; path = FirstDetailView.swift; sourceTree = "<group>"; };
/* End PBXFileReference section */

/* Begin PBXFrameworksBuildPhase section */
		F6A8ECCD28AA12680058F6CC /* Frameworks */ = {
			isa = PBXFrameworksBuildPhase;
			buildActionMask = 2147483647;
			files = (
			);
			runOnlyForDeploymentPostprocessing = 0;
		};
/* End PBXFrameworksBuildPhase section */

/* Begin PBXGroup section */
		F6A8ECC728AA12680058F6CC = {
			isa = PBXGroup;
			children = (
				F6A8ECD228AA12680058F6CC /* CoodinatorPattern */,
				F6A8ECD128AA12680058F6CC /* Products */,
			);
			sourceTree = "<group>";
		};
		F6A8ECD128AA12680058F6CC /* Products */ = {
			isa = PBXGroup;
			children = (
				F6A8ECD028AA12680058F6CC /* CoodinatorPattern.app */,
			);
			name = Products;
			sourceTree = "<group>";
		};
		F6A8ECD228AA12680058F6CC /* CoodinatorPattern */ = {
			isa = PBXGroup;
			children = (
				F6B6E50428AA7BD600EE8F68 /* Main */,
				F6B6E4FF28AA753900EE8F68 /* Onboarding */,
				F6B6E4FC28AA74AC00EE8F68 /* Helper */,
				F6A8ECE828AA6E2F0058F6CC /* Protocols */,
				F6A8ECD328AA12680058F6CC /* AppDelegate.swift */,
				F6A8ECED28AA6F140058F6CC /* ApplicationCoordinator.swift */,
				F6A8ECD528AA12680058F6CC /* SceneDelegate.swift */,
				F6A8ECEB28AA6EBA0058F6CC /* ContentView.swift */,
				F6A8ECD728AA12680058F6CC /* ViewController.swift */,
				F6A8ECDC28AA126C0058F6CC /* Assets.xcassets */,
				F6A8ECDE28AA126C0058F6CC /* LaunchScreen.storyboard */,
				F6A8ECE128AA126C0058F6CC /* Info.plist */,
			);
			path = CoodinatorPattern;
			sourceTree = "<group>";
		};
		F6A8ECE828AA6E2F0058F6CC /* Protocols */ = {
			isa = PBXGroup;
			children = (
				F6A8ECE928AA6E4D0058F6CC /* Coordinator.swift */,
			);
			path = Protocols;
			sourceTree = "<group>";
		};
		F6B6E4FC28AA74AC00EE8F68 /* Helper */ = {
			isa = PBXGroup;
			children = (
				F6B6E4FD28AA74D300EE8F68 /* ScaledImageView.swift */,
			);
			path = Helper;
			sourceTree = "<group>";
		};
		F6B6E4FF28AA753900EE8F68 /* Onboarding */ = {
			isa = PBXGroup;
			children = (
				F6B6E50028AA754D00EE8F68 /* OnboardingView.swift */,
				F6B6E50228AA783700EE8F68 /* OnboardingCoordinator.swift */,
			);
			path = Onboarding;
			sourceTree = "<group>";
		};
		F6B6E50428AA7BD600EE8F68 /* Main */ = {
			isa = PBXGroup;
			children = (
				F6B6E50528AA7BF000EE8F68 /* MainCoordinator.swift */,
				F6B6E50828AA7C9700EE8F68 /* Second */,
				F6B6E50728AA7C8A00EE8F68 /* First */,
			);
			path = Main;
			sourceTree = "<group>";
		};
		F6B6E50728AA7C8A00EE8F68 /* First */ = {
			isa = PBXGroup;
			children = (
				F6B6E50928AA7CF900EE8F68 /* FirstTabCoordinator.swift */,
				F6B6E50B28AA7DBF00EE8F68 /* FirstViewController.swift */,
				F6B6E50D28AA7DEF00EE8F68 /* FirstDetailView.swift */,
			);
			path = First;
			sourceTree = "<group>";
		};
		F6B6E50828AA7C9700EE8F68 /* Second */ = {
			isa = PBXGroup;
			children = (
			);
			path = Second;
			sourceTree = "<group>";
		};
/* End PBXGroup section */

/* Begin PBXNativeTarget section */
		F6A8ECCF28AA12680058F6CC /* CoodinatorPattern */ = {
			isa = PBXNativeTarget;
			buildConfigurationList = F6A8ECE428AA126C0058F6CC /* Build configuration list for PBXNativeTarget "CoodinatorPattern" */;
			buildPhases = (
				F6A8ECCC28AA12680058F6CC /* Sources */,
				F6A8ECCD28AA12680058F6CC /* Frameworks */,
				F6A8ECCE28AA12680058F6CC /* Resources */,
			);
			buildRules = (
			);
			dependencies = (
			);
			name = CoodinatorPattern;
			productName = CoodinatorPattern;
			productReference = F6A8ECD028AA12680058F6CC /* CoodinatorPattern.app */;
			productType = "com.apple.product-type.application";
		};
/* End PBXNativeTarget section */

/* Begin PBXProject section */
		F6A8ECC828AA12680058F6CC /* Project object */ = {
			isa = PBXProject;
			attributes = {
				BuildIndependentTargetsInParallel = 1;
				LastSwiftUpdateCheck = 1320;
				LastUpgradeCheck = 1320;
				TargetAttributes = {
					F6A8ECCF28AA12680058F6CC = {
						CreatedOnToolsVersion = 13.2.1;
					};
				};
			};
			buildConfigurationList = F6A8ECCB28AA12680058F6CC /* Build configuration list for PBXProject "CoodinatorPattern" */;
			compatibilityVersion = "Xcode 13.0";
			developmentRegion = en;
			hasScannedForEncodings = 0;
			knownRegions = (
				en,
				Base,
			);
			mainGroup = F6A8ECC728AA12680058F6CC;
			productRefGroup = F6A8ECD128AA12680058F6CC /* Products */;
			projectDirPath = "";
			projectRoot = "";
			targets = (
				F6A8ECCF28AA12680058F6CC /* CoodinatorPattern */,
			);
		};
/* End PBXProject section */

/* Begin PBXResourcesBuildPhase section */
		F6A8ECCE28AA12680058F6CC /* Resources */ = {
			isa = PBXResourcesBuildPhase;
			buildActionMask = 2147483647;
			files = (
				F6A8ECE028AA126C0058F6CC /* LaunchScreen.storyboard in Resources */,
				F6A8ECDD28AA126C0058F6CC /* Assets.xcassets in Resources */,
			);
			runOnlyForDeploymentPostprocessing = 0;
		};
/* End PBXResourcesBuildPhase section */

/* Begin PBXSourcesBuildPhase section */
		F6A8ECCC28AA12680058F6CC /* Sources */ = {
			isa = PBXSourcesBuildPhase;
			buildActionMask = 2147483647;
			files = (
				F6A8ECEA28AA6E4D0058F6CC /* Coordinator.swift in Sources */,
				F6A8ECEC28AA6EBA0058F6CC /* ContentView.swift in Sources */,
				F6A8ECD828AA12680058F6CC /* ViewController.swift in Sources */,
				F6B6E50C28AA7DBF00EE8F68 /* FirstViewController.swift in Sources */,
				F6B6E50628AA7BF000EE8F68 /* MainCoordinator.swift in Sources */,
				F6B6E50E28AA7DEF00EE8F68 /* FirstDetailView.swift in Sources */,
				F6A8ECD428AA12680058F6CC /* AppDelegate.swift in Sources */,
				F6B6E50328AA783700EE8F68 /* OnboardingCoordinator.swift in Sources */,
				F6A8ECD628AA12680058F6CC /* SceneDelegate.swift in Sources */,
				F6B6E50A28AA7CF900EE8F68 /* FirstTabCoordinator.swift in Sources */,
				F6B6E50128AA754D00EE8F68 /* OnboardingView.swift in Sources */,
				F6B6E4FE28AA74D300EE8F68 /* ScaledImageView.swift in Sources */,
				F6A8ECEE28AA6F140058F6CC /* ApplicationCoordinator.swift in Sources */,
			);
			runOnlyForDeploymentPostprocessing = 0;
		};
/* End PBXSourcesBuildPhase section */

/* Begin PBXVariantGroup section */
		F6A8ECDE28AA126C0058F6CC /* LaunchScreen.storyboard */ = {
			isa = PBXVariantGroup;
			children = (
				F6A8ECDF28AA126C0058F6CC /* Base */,
			);
			name = LaunchScreen.storyboard;
			sourceTree = "<group>";
		};
/* End PBXVariantGroup section */

/* Begin XCBuildConfiguration section */
		F6A8ECE228AA126C0058F6CC /* Debug */ = {
			isa = XCBuildConfiguration;
			buildSettings = {
				ALWAYS_SEARCH_USER_PATHS = NO;
				CLANG_ANALYZER_NONNULL = YES;
				CLANG_ANALYZER_NUMBER_OBJECT_CONVERSION = YES_AGGRESSIVE;
				CLANG_CXX_LANGUAGE_STANDARD = "gnu++17";
				CLANG_CXX_LIBRARY = "libc++";
				CLANG_ENABLE_MODULES = YES;
				CLANG_ENABLE_OBJC_ARC = YES;
				CLANG_ENABLE_OBJC_WEAK = YES;
				CLANG_WARN_BLOCK_CAPTURE_AUTORELEASING = YES;
				CLANG_WARN_BOOL_CONVERSION = YES;
				CLANG_WARN_COMMA = YES;
				CLANG_WARN_CONSTANT_CONVERSION = YES;
				CLANG_WARN_DEPRECATED_OBJC_IMPLEMENTATIONS = YES;
				CLANG_WARN_DIRECT_OBJC_ISA_USAGE = YES_ERROR;
				CLANG_WARN_DOCUMENTATION_COMMENTS = YES;
				CLANG_WARN_EMPTY_BODY = YES;
				CLANG_WARN_ENUM_CONVERSION = YES;
				CLANG_WARN_INFINITE_RECURSION = YES;
				CLANG_WARN_INT_CONVERSION = YES;
				CLANG_WARN_NON_LITERAL_NULL_CONVERSION = YES;
				CLANG_WARN_OBJC_IMPLICIT_RETAIN_SELF = YES;
				CLANG_WARN_OBJC_LITERAL_CONVERSION = YES;
				CLANG_WARN_OBJC_ROOT_CLASS = YES_ERROR;
				CLANG_WARN_QUOTED_INCLUDE_IN_FRAMEWORK_HEADER = YES;
				CLANG_WARN_RANGE_LOOP_ANALYSIS = YES;
				CLANG_WARN_STRICT_PROTOTYPES = YES;
				CLANG_WARN_SUSPICIOUS_MOVE = YES;
				CLANG_WARN_UNGUARDED_AVAILABILITY = YES_AGGRESSIVE;
				CLANG_WARN_UNREACHABLE_CODE = YES;
				CLANG_WARN__DUPLICATE_METHOD_MATCH = YES;
				COPY_PHASE_STRIP = NO;
				DEBUG_INFORMATION_FORMAT = dwarf;
				ENABLE_STRICT_OBJC_MSGSEND = YES;
				ENABLE_TESTABILITY = YES;
				GCC_C_LANGUAGE_STANDARD = gnu11;
				GCC_DYNAMIC_NO_PIC = NO;
				GCC_NO_COMMON_BLOCKS = YES;
				GCC_OPTIMIZATION_LEVEL = 0;
				GCC_PREPROCESSOR_DEFINITIONS = (
					"DEBUG=1",
					"$(inherited)",
				);
				GCC_WARN_64_TO_32_BIT_CONVERSION = YES;
				GCC_WARN_ABOUT_RETURN_TYPE = YES_ERROR;
				GCC_WARN_UNDECLARED_SELECTOR = YES;
				GCC_WARN_UNINITIALIZED_AUTOS = YES_AGGRESSIVE;
				GCC_WARN_UNUSED_FUNCTION = YES;
				GCC_WARN_UNUSED_VARIABLE = YES;
				IPHONEOS_DEPLOYMENT_TARGET = 15.2;
				MTL_ENABLE_DEBUG_INFO = INCLUDE_SOURCE;
				MTL_FAST_MATH = YES;
				ONLY_ACTIVE_ARCH = YES;
				SDKROOT = iphoneos;
				SWIFT_ACTIVE_COMPILATION_CONDITIONS = DEBUG;
				SWIFT_OPTIMIZATION_LEVEL = "-Onone";
			};
			name = Debug;
		};
		F6A8ECE328AA126C0058F6CC /* Release */ = {
			isa = XCBuildConfiguration;
			buildSettings = {
				ALWAYS_SEARCH_USER_PATHS = NO;
				CLANG_ANALYZER_NONNULL = YES;
				CLANG_ANALYZER_NUMBER_OBJECT_CONVERSION = YES_AGGRESSIVE;
				CLANG_CXX_LANGUAGE_STANDARD = "gnu++17";
				CLANG_CXX_LIBRARY = "libc++";
				CLANG_ENABLE_MODULES = YES;
				CLANG_ENABLE_OBJC_ARC = YES;
				CLANG_ENABLE_OBJC_WEAK = YES;
				CLANG_WARN_BLOCK_CAPTURE_AUTORELEASING = YES;
				CLANG_WARN_BOOL_CONVERSION = YES;
				CLANG_WARN_COMMA = YES;
				CLANG_WARN_CONSTANT_CONVERSION = YES;
				CLANG_WARN_DEPRECATED_OBJC_IMPLEMENTATIONS = YES;
				CLANG_WARN_DIRECT_OBJC_ISA_USAGE = YES_ERROR;
				CLANG_WARN_DOCUMENTATION_COMMENTS = YES;
				CLANG_WARN_EMPTY_BODY = YES;
				CLANG_WARN_ENUM_CONVERSION = YES;
				CLANG_WARN_INFINITE_RECURSION = YES;
				CLANG_WARN_INT_CONVERSION = YES;
				CLANG_WARN_NON_LITERAL_NULL_CONVERSION = YES;
				CLANG_WARN_OBJC_IMPLICIT_RETAIN_SELF = YES;
				CLANG_WARN_OBJC_LITERAL_CONVERSION = YES;
				CLANG_WARN_OBJC_ROOT_CLASS = YES_ERROR;
				CLANG_WARN_QUOTED_INCLUDE_IN_FRAMEWORK_HEADER = YES;
				CLANG_WARN_RANGE_LOOP_ANALYSIS = YES;
				CLANG_WARN_STRICT_PROTOTYPES = YES;
				CLANG_WARN_SUSPICIOUS_MOVE = YES;
				CLANG_WARN_UNGUARDED_AVAILABILITY = YES_AGGRESSIVE;
				CLANG_WARN_UNREACHABLE_CODE = YES;
				CLANG_WARN__DUPLICATE_METHOD_MATCH = YES;
				COPY_PHASE_STRIP = NO;
				DEBUG_INFORMATION_FORMAT = "dwarf-with-dsym";
				ENABLE_NS_ASSERTIONS = NO;
				ENABLE_STRICT_OBJC_MSGSEND = YES;
				GCC_C_LANGUAGE_STANDARD = gnu11;
				GCC_NO_COMMON_BLOCKS = YES;
				GCC_WARN_64_TO_32_BIT_CONVERSION = YES;
				GCC_WARN_ABOUT_RETURN_TYPE = YES_ERROR;
				GCC_WARN_UNDECLARED_SELECTOR = YES;
				GCC_WARN_UNINITIALIZED_AUTOS = YES_AGGRESSIVE;
				GCC_WARN_UNUSED_FUNCTION = YES;
				GCC_WARN_UNUSED_VARIABLE = YES;
				IPHONEOS_DEPLOYMENT_TARGET = 15.2;
				MTL_ENABLE_DEBUG_INFO = NO;
				MTL_FAST_MATH = YES;
				SDKROOT = iphoneos;
				SWIFT_COMPILATION_MODE = wholemodule;
				SWIFT_OPTIMIZATION_LEVEL = "-O";
				VALIDATE_PRODUCT = YES;
			};
			name = Release;
		};
		F6A8ECE528AA126C0058F6CC /* Debug */ = {
			isa = XCBuildConfiguration;
			buildSettings = {
				ASSETCATALOG_COMPILER_APPICON_NAME = AppIcon;
				ASSETCATALOG_COMPILER_GLOBAL_ACCENT_COLOR_NAME = AccentColor;
				CODE_SIGN_STYLE = Automatic;
				CURRENT_PROJECT_VERSION = 1;
				GENERATE_INFOPLIST_FILE = YES;
				INFOPLIST_FILE = CoodinatorPattern/Info.plist;
				INFOPLIST_KEY_UIApplicationSupportsIndirectInputEvents = YES;
				INFOPLIST_KEY_UILaunchStoryboardName = LaunchScreen;
				INFOPLIST_KEY_UISupportedInterfaceOrientations_iPad = "UIInterfaceOrientationPortrait UIInterfaceOrientationPortraitUpsideDown UIInterfaceOrientationLandscapeLeft UIInterfaceOrientationLandscapeRight";
				INFOPLIST_KEY_UISupportedInterfaceOrientations_iPhone = "UIInterfaceOrientationPortrait UIInterfaceOrientationLandscapeLeft UIInterfaceOrientationLandscapeRight";
				LD_RUNPATH_SEARCH_PATHS = (
					"$(inherited)",
					"@executable_path/Frameworks",
				);
				MARKETING_VERSION = 1.0;
				PRODUCT_BUNDLE_IDENTIFIER = susan.CoodinatorPattern;
				PRODUCT_NAME = "$(TARGET_NAME)";
				SWIFT_EMIT_LOC_STRINGS = YES;
				SWIFT_VERSION = 5.0;
				TARGETED_DEVICE_FAMILY = "1,2";
			};
			name = Debug;
		};
		F6A8ECE628AA126C0058F6CC /* Release */ = {
			isa = XCBuildConfiguration;
			buildSettings = {
				ASSETCATALOG_COMPILER_APPICON_NAME = AppIcon;
				ASSETCATALOG_COMPILER_GLOBAL_ACCENT_COLOR_NAME = AccentColor;
				CODE_SIGN_STYLE = Automatic;
				CURRENT_PROJECT_VERSION = 1;
				GENERATE_INFOPLIST_FILE = YES;
				INFOPLIST_FILE = CoodinatorPattern/Info.plist;
				INFOPLIST_KEY_UIApplicationSupportsIndirectInputEvents = YES;
				INFOPLIST_KEY_UILaunchStoryboardName = LaunchScreen;
				INFOPLIST_KEY_UISupportedInterfaceOrientations_iPad = "UIInterfaceOrientationPortrait UIInterfaceOrientationPortraitUpsideDown UIInterfaceOrientationLandscapeLeft UIInterfaceOrientationLandscapeRight";
				INFOPLIST_KEY_UISupportedInterfaceOrientations_iPhone = "UIInterfaceOrientationPortrait UIInterfaceOrientationLandscapeLeft UIInterfaceOrientationLandscapeRight";
				LD_RUNPATH_SEARCH_PATHS = (
					"$(inherited)",
					"@executable_path/Frameworks",
				);
				MARKETING_VERSION = 1.0;
				PRODUCT_BUNDLE_IDENTIFIER = susan.CoodinatorPattern;
				PRODUCT_NAME = "$(TARGET_NAME)";
				SWIFT_EMIT_LOC_STRINGS = YES;
				SWIFT_VERSION = 5.0;
				TARGETED_DEVICE_FAMILY = "1,2";
			};
			name = Release;
		};
/* End XCBuildConfiguration section */

/* Begin XCConfigurationList section */
		F6A8ECCB28AA12680058F6CC /* Build configuration list for PBXProject "CoodinatorPattern" */ = {
			isa = XCConfigurationList;
			buildConfigurations = (
				F6A8ECE228AA126C0058F6CC /* Debug */,
				F6A8ECE328AA126C0058F6CC /* Release */,
			);
			defaultConfigurationIsVisible = 0;
			defaultConfigurationName = Release;
		};
		F6A8ECE428AA126C0058F6CC /* Build configuration list for PBXNativeTarget "CoodinatorPattern" */ = {
			isa = XCConfigurationList;
			buildConfigurations = (
				F6A8ECE528AA126C0058F6CC /* Debug */,
				F6A8ECE628AA126C0058F6CC /* Release */,
			);
			defaultConfigurationIsVisible = 0;
			defaultConfigurationName = Release;
		};
/* End XCConfigurationList section */
	};
	rootObject = F6A8ECC828AA12680058F6CC /* Project object */;
}
